// !$*UTF8*$!
{
	archiveVersion = 1;
	classes = {
	};
	objectVersion = 77;
	objects = {

/* Begin PBXContainerItemProxy section */
		6AB94BD12F06F7130019BBB1 /* PBXContainerItemProxy */ = {
			isa = PBXContainerItemProxy;
			containerPortal = 6AB94BB92F06F7120019BBB1 /* Project object */;
			proxyType = 1;
			remoteGlobalIDString = 6AB94BC02F06F7120019BBB1;
			remoteInfo = ElgatoBar;
		};
		6AB94BDB2F06F7130019BBB1 /* PBXContainerItemProxy */ = {
			isa = PBXContainerItemProxy;
			containerPortal = 6AB94BB92F06F7120019BBB1 /* Project object */;
			proxyType = 1;
			remoteGlobalIDString = 6AB94BC02F06F7120019BBB1;
			remoteInfo = ElgatoBar;
		};
/* End PBXContainerItemProxy section */

/* Begin PBXFileReference section */
		6AB94BC12F06F7120019BBB1 /* ElgatoBar.app */ = {isa = PBXFileReference; explicitFileType = wrapper.application; includeInIndex = 0; path = ElgatoBar.app; sourceTree = BUILT_PRODUCTS_DIR; };
		6AB94BD02F06F7130019BBB1 /* ElgatoBarTests.xctest */ = {isa = PBXFileReference; explicitFileType = wrapper.cfbundle; includeInIndex = 0; path = ElgatoBarTests.xctest; sourceTree = BUILT_PRODUCTS_DIR; };
		6AB94BDA2F06F7130019BBB1 /* ElgatoBarUITests.xctest */ = {isa = PBXFileReference; explicitFileType = wrapper.cfbundle; includeInIndex = 0; path = ElgatoBarUITests.xctest; sourceTree = BUILT_PRODUCTS_DIR; };
/* End PBXFileReference section */

/* Begin PBXFileSystemSynchronizedRootGroup section */
		6AB94BC32F06F7120019BBB1 /* ElgatoBar */ = {
			isa = PBXFileSystemSynchronizedRootGroup;
			path = ElgatoBar;
			sourceTree = "<group>";
		};
		6AB94BD32F06F7130019BBB1 /* ElgatoBarTests */ = {
			isa = PBXFileSystemSynchronizedRootGroup;
			path = ElgatoBarTests;
			sourceTree = "<group>";
		};
		6AB94BDD2F06F7130019BBB1 /* ElgatoBarUITests */ = {
			isa = PBXFileSystemSynchronizedRootGroup;
			path = ElgatoBarUITests;
			sourceTree = "<group>";
		};
/* End PBXFileSystemSynchronizedRootGroup section */

/* Begin PBXFrameworksBuildPhase section */
		6AB94BBE2F06F7120019BBB1 /* Frameworks */ = {
			isa = PBXFrameworksBuildPhase;
			buildActionMask = 2147483647;
			files = (
			);
			runOnlyForDeploymentPostprocessing = 0;
		};
		6AB94BCD2F06F7130019BBB1 /* Frameworks */ = {
			isa = PBXFrameworksBuildPhase;
			buildActionMask = 2147483647;
			files = (
			);
			runOnlyForDeploymentPostprocessing = 0;
		};
		6AB94BD72F06F7130019BBB1 /* Frameworks */ = {
			isa = PBXFrameworksBuildPhase;
			buildActionMask = 2147483647;
			files = (
			);
			runOnlyForDeploymentPostprocessing = 0;
		};
/* End PBXFrameworksBuildPhase section */

/* Begin PBXGroup section */
		6AB94BB82F06F7120019BBB1 = {
			isa = PBXGroup;
			children = (
				6AB94BC32F06F7120019BBB1 /* ElgatoBar */,
				6AB94BD32F06F7130019BBB1 /* ElgatoBarTests */,
				6AB94BDD2F06F7130019BBB1 /* ElgatoBarUITests */,
				6AB94BC22F06F7120019BBB1 /* Products */,
			);
			sourceTree = "<group>";
		};
		6AB94BC22F06F7120019BBB1 /* Products */ = {
			isa = PBXGroup;
			children = (
				6AB94BC12F06F7120019BBB1 /* ElgatoBar.app */,
				6AB94BD02F06F7130019BBB1 /* ElgatoBarTests.xctest */,
				6AB94BDA2F06F7130019BBB1 /* ElgatoBarUITests.xctest */,
			);
			name = Products;
			sourceTree = "<group>";
		};
/* End PBXGroup section */

/* Begin PBXNativeTarget section */
		6AB94BC02F06F7120019BBB1 /* ElgatoBar */ = {
			isa = PBXNativeTarget;
			buildConfigurationList = 6AB94BE42F06F7130019BBB1 /* Build configuration list for PBXNativeTarget "ElgatoBar" */;
			buildPhases = (
				6AB94BBD2F06F7120019BBB1 /* Sources */,
				6AB94BBE2F06F7120019BBB1 /* Frameworks */,
				6AB94BBF2F06F7120019BBB1 /* Resources */,
			);
			buildRules = (
			);
			dependencies = (
			);
			fileSystemSynchronizedGroups = (
				6AB94BC32F06F7120019BBB1 /* ElgatoBar */,
			);
			name = ElgatoBar;
			packageProductDependencies = (
			);
			productName = ElgatoBar;
			productReference = 6AB94BC12F06F7120019BBB1 /* ElgatoBar.app */;
			productType = "com.apple.product-type.application";
		};
		6AB94BCF2F06F7130019BBB1 /* ElgatoBarTests */ = {
			isa = PBXNativeTarget;
			buildConfigurationList = 6AB94BE72F06F7130019BBB1 /* Build configuration list for PBXNativeTarget "ElgatoBarTests" */;
			buildPhases = (
				6AB94BCC2F06F7130019BBB1 /* Sources */,
				6AB94BCD2F06F7130019BBB1 /* Frameworks */,
				6AB94BCE2F06F7130019BBB1 /* Resources */,
			);
			buildRules = (
			);
			dependencies = (
				6AB94BD22F06F7130019BBB1 /* PBXTargetDependency */,
			);
			fileSystemSynchronizedGroups = (
				6AB94BD32F06F7130019BBB1 /* ElgatoBarTests */,
			);
			name = ElgatoBarTests;
			packageProductDependencies = (
			);
			productName = ElgatoBarTests;
			productReference = 6AB94BD02F06F7130019BBB1 /* ElgatoBarTests.xctest */;
			productType = "com.apple.product-type.bundle.unit-test";
		};
		6AB94BD92F06F7130019BBB1 /* ElgatoBarUITests */ = {
			isa = PBXNativeTarget;
			buildConfigurationList = 6AB94BEA2F06F7130019BBB1 /* Build configuration list for PBXNativeTarget "ElgatoBarUITests" */;
			buildPhases = (
				6AB94BD62F06F7130019BBB1 /* Sources */,
				6AB94BD72F06F7130019BBB1 /* Frameworks */,
				6AB94BD82F06F7130019BBB1 /* Resources */,
			);
			buildRules = (
			);
			dependencies = (
				6AB94BDC2F06F7130019BBB1 /* PBXTargetDependency */,
			);
			fileSystemSynchronizedGroups = (
				6AB94BDD2F06F7130019BBB1 /* ElgatoBarUITests */,
			);
			name = ElgatoBarUITests;
			packageProductDependencies = (
			);
			productName = ElgatoBarUITests;
			productReference = 6AB94BDA2F06F7130019BBB1 /* ElgatoBarUITests.xctest */;
			productType = "com.apple.product-type.bundle.ui-testing";
		};
/* End PBXNativeTarget section */

/* Begin PBXProject section */
		6AB94BB92F06F7120019BBB1 /* Project object */ = {
			isa = PBXProject;
			attributes = {
				BuildIndependentTargetsInParallel = 1;
				LastSwiftUpdateCheck = 2620;
				LastUpgradeCheck = 2620;
				TargetAttributes = {
					6AB94BC02F06F7120019BBB1 = {
						CreatedOnToolsVersion = 26.2;
					};
					6AB94BCF2F06F7130019BBB1 = {
						CreatedOnToolsVersion = 26.2;
						TestTargetID = 6AB94BC02F06F7120019BBB1;
					};
					6AB94BD92F06F7130019BBB1 = {
						CreatedOnToolsVersion = 26.2;
						TestTargetID = 6AB94BC02F06F7120019BBB1;
					};
				};
			};
			buildConfigurationList = 6AB94BBC2F06F7120019BBB1 /* Build configuration list for PBXProject "ElgatoBar" */;
			developmentRegion = en;
			hasScannedForEncodings = 0;
			knownRegions = (
				en,
				Base,
			);
			mainGroup = 6AB94BB82F06F7120019BBB1;
			minimizedProjectReferenceProxies = 1;
			preferredProjectObjectVersion = 77;
			productRefGroup = 6AB94BC22F06F7120019BBB1 /* Products */;
			projectDirPath = "";
			projectRoot = "";
			targets = (
				6AB94BC02F06F7120019BBB1 /* ElgatoBar */,
				6AB94BCF2F06F7130019BBB1 /* ElgatoBarTests */,
				6AB94BD92F06F7130019BBB1 /* ElgatoBarUITests */,
			);
		};
/* End PBXProject section */

/* Begin PBXResourcesBuildPhase section */
		6AB94BBF2F06F7120019BBB1 /* Resources */ = {
			isa = PBXResourcesBuildPhase;
			buildActionMask = 2147483647;
			files = (
			);
			runOnlyForDeploymentPostprocessing = 0;
		};
		6AB94BCE2F06F7130019BBB1 /* Resources */ = {
			isa = PBXResourcesBuildPhase;
			buildActionMask = 2147483647;
			files = (
			);
			runOnlyForDeploymentPostprocessing = 0;
		};
		6AB94BD82F06F7130019BBB1 /* Resources */ = {
			isa = PBXResourcesBuildPhase;
			buildActionMask = 2147483647;
			files = (
			);
			runOnlyForDeploymentPostprocessing = 0;
		};
/* End PBXResourcesBuildPhase section */

/* Begin PBXSourcesBuildPhase section */
		6AB94BBD2F06F7120019BBB1 /* Sources */ = {
			isa = PBXSourcesBuildPhase;
			buildActionMask = 2147483647;
			files = (
			);
			runOnlyForDeploymentPostprocessing = 0;
		};
		6AB94BCC2F06F7130019BBB1 /* Sources */ = {
			isa = PBXSourcesBuildPhase;
			buildActionMask = 2147483647;
			files = (
			);
			runOnlyForDeploymentPostprocessing = 0;
		};
		6AB94BD62F06F7130019BBB1 /* Sources */ = {
			isa = PBXSourcesBuildPhase;
			buildActionMask = 2147483647;
			files = (
			);
			runOnlyForDeploymentPostprocessing = 0;
		};
/* End PBXSourcesBuildPhase section */

/* Begin PBXTargetDependency section */
		6AB94BD22F06F7130019BBB1 /* PBXTargetDependency */ = {
			isa = PBXTargetDependency;
			target = 6AB94BC02F06F7120019BBB1 /* ElgatoBar */;
			targetProxy = 6AB94BD12F06F7130019BBB1 /* PBXContainerItemProxy */;
		};
		6AB94BDC2F06F7130019BBB1 /* PBXTargetDependency */ = {
			isa = PBXTargetDependency;
			target = 6AB94BC02F06F7120019BBB1 /* ElgatoBar */;
			targetProxy = 6AB94BDB2F06F7130019BBB1 /* PBXContainerItemProxy */;
		};
/* End PBXTargetDependency section */

/* Begin XCBuildConfiguration section */
		6AB94BE22F06F7130019BBB1 /* Debug */ = {
			isa = XCBuildConfiguration;
			buildSettings = {
				ALWAYS_SEARCH_USER_PATHS = NO;
				ASSETCATALOG_COMPILER_GENERATE_SWIFT_ASSET_SYMBOL_EXTENSIONS = YES;
				CLANG_ANALYZER_NONNULL = YES;
				CLANG_ANALYZER_NUMBER_OBJECT_CONVERSION = YES_AGGRESSIVE;
				CLANG_CXX_LANGUAGE_STANDARD = "gnu++20";
				CLANG_ENABLE_MODULES = YES;
				CLANG_ENABLE_OBJC_ARC = YES;
				CLANG_ENABLE_OBJC_WEAK = YES;
				CLANG_WARN_BLOCK_CAPTURE_AUTORELEASING = YES;
				CLANG_WARN_BOOL_CONVERSION = YES;
				CLANG_WARN_COMMA = YES;
				CLANG_WARN_CONSTANT_CONVERSION = YES;
				CLANG_WARN_DEPRECATED_OBJC_IMPLEMENTATIONS = YES;
				CLANG_WARN_DIRECT_OBJC_ISA_USAGE = YES_ERROR;
				CLANG_WARN_DOCUMENTATION_COMMENTS = YES;
				CLANG_WARN_EMPTY_BODY = YES;
				CLANG_WARN_ENUM_CONVERSION = YES;
				CLANG_WARN_INFINITE_RECURSION = YES;
				CLANG_WARN_INT_CONVERSION = YES;
				CLANG_WARN_NON_LITERAL_NULL_CONVERSION = YES;
				CLANG_WARN_OBJC_IMPLICIT_RETAIN_SELF = YES;
				CLANG_WARN_OBJC_LITERAL_CONVERSION = YES;
				CLANG_WARN_OBJC_ROOT_CLASS = YES_ERROR;
				CLANG_WARN_QUOTED_INCLUDE_IN_FRAMEWORK_HEADER = YES;
				CLANG_WARN_RANGE_LOOP_ANALYSIS = YES;
				CLANG_WARN_STRICT_PROTOTYPES = YES;
				CLANG_WARN_SUSPICIOUS_MOVE = YES;
				CLANG_WARN_UNGUARDED_AVAILABILITY = YES_AGGRESSIVE;
				CLANG_WARN_UNREACHABLE_CODE = YES;
				CLANG_WARN__DUPLICATE_METHOD_MATCH = YES;
				COPY_PHASE_STRIP = NO;
				DEBUG_INFORMATION_FORMAT = dwarf;
				DEVELOPMENT_TEAM = R8XP9L3BRW;
				ENABLE_STRICT_OBJC_MSGSEND = YES;
				ENABLE_TESTABILITY = YES;
				ENABLE_USER_SCRIPT_SANDBOXING = YES;
				GCC_C_LANGUAGE_STANDARD = gnu17;
				GCC_DYNAMIC_NO_PIC = NO;
				GCC_NO_COMMON_BLOCKS = YES;
				GCC_OPTIMIZATION_LEVEL = 0;
				GCC_PREPROCESSOR_DEFINITIONS = (
					"DEBUG=1",
					"$(inherited)",
				);
				GCC_WARN_64_TO_32_BIT_CONVERSION = YES;
				GCC_WARN_ABOUT_RETURN_TYPE = YES_ERROR;
				GCC_WARN_UNDECLARED_SELECTOR = YES;
				GCC_WARN_UNINITIALIZED_AUTOS = YES_AGGRESSIVE;
				GCC_WARN_UNUSED_FUNCTION = YES;
				GCC_WARN_UNUSED_VARIABLE = YES;
				LOCALIZATION_PREFERS_STRING_CATALOGS = YES;
				MACOSX_DEPLOYMENT_TARGET = 26.2;
				MTL_ENABLE_DEBUG_INFO = INCLUDE_SOURCE;
				MTL_FAST_MATH = YES;
				ONLY_ACTIVE_ARCH = YES;
				SDKROOT = macosx;
				SWIFT_ACTIVE_COMPILATION_CONDITIONS = "DEBUG $(inherited)";
				SWIFT_OPTIMIZATION_LEVEL = "-Onone";
			};
			name = Debug;
		};
		6AB94BE32F06F7130019BBB1 /* Release */ = {
			isa = XCBuildConfiguration;
			buildSettings = {
				ALWAYS_SEARCH_USER_PATHS = NO;
				ASSETCATALOG_COMPILER_GENERATE_SWIFT_ASSET_SYMBOL_EXTENSIONS = YES;
				CLANG_ANALYZER_NONNULL = YES;
				CLANG_ANALYZER_NUMBER_OBJECT_CONVERSION = YES_AGGRESSIVE;
				CLANG_CXX_LANGUAGE_STANDARD = "gnu++20";
				CLANG_ENABLE_MODULES = YES;
				CLANG_ENABLE_OBJC_ARC = YES;
				CLANG_ENABLE_OBJC_WEAK = YES;
				CLANG_WARN_BLOCK_CAPTURE_AUTORELEASING = YES;
				CLANG_WARN_BOOL_CONVERSION = YES;
				CLANG_WARN_COMMA = YES;
				CLANG_WARN_CONSTANT_CONVERSION = YES;
				CLANG_WARN_DEPRECATED_OBJC_IMPLEMENTATIONS = YES;
				CLANG_WARN_DIRECT_OBJC_ISA_USAGE = YES_ERROR;
				CLANG_WARN_DOCUMENTATION_COMMENTS = YES;
				CLANG_WARN_EMPTY_BODY = YES;
				CLANG_WARN_ENUM_CONVERSION = YES;
				CLANG_WARN_INFINITE_RECURSION = YES;
				CLANG_WARN_INT_CONVERSION = YES;
				CLANG_WARN_NON_LITERAL_NULL_CONVERSION = YES;
				CLANG_WARN_OBJC_IMPLICIT_RETAIN_SELF = YES;
				CLANG_WARN_OBJC_LITERAL_CONVERSION = YES;
				CLANG_WARN_OBJC_ROOT_CLASS = YES_ERROR;
				CLANG_WARN_QUOTED_INCLUDE_IN_FRAMEWORK_HEADER = YES;
				CLANG_WARN_RANGE_LOOP_ANALYSIS = YES;
				CLANG_WARN_STRICT_PROTOTYPES = YES;
				CLANG_WARN_SUSPICIOUS_MOVE = YES;
				CLANG_WARN_UNGUARDED_AVAILABILITY = YES_AGGRESSIVE;
				CLANG_WARN_UNREACHABLE_CODE = YES;
				CLANG_WARN__DUPLICATE_METHOD_MATCH = YES;
				COPY_PHASE_STRIP = NO;
				DEBUG_INFORMATION_FORMAT = "dwarf-with-dsym";
				DEVELOPMENT_TEAM = R8XP9L3BRW;
				ENABLE_NS_ASSERTIONS = NO;
				ENABLE_STRICT_OBJC_MSGSEND = YES;
				ENABLE_USER_SCRIPT_SANDBOXING = YES;
				GCC_C_LANGUAGE_STANDARD = gnu17;
				GCC_NO_COMMON_BLOCKS = YES;
				GCC_WARN_64_TO_32_BIT_CONVERSION = YES;
				GCC_WARN_ABOUT_RETURN_TYPE = YES_ERROR;
				GCC_WARN_UNDECLARED_SELECTOR = YES;
				GCC_WARN_UNINITIALIZED_AUTOS = YES_AGGRESSIVE;
				GCC_WARN_UNUSED_FUNCTION = YES;
				GCC_WARN_UNUSED_VARIABLE = YES;
				LOCALIZATION_PREFERS_STRING_CATALOGS = YES;
				MACOSX_DEPLOYMENT_TARGET = 26.2;
				MTL_ENABLE_DEBUG_INFO = NO;
				MTL_FAST_MATH = YES;
				SDKROOT = macosx;
				SWIFT_COMPILATION_MODE = wholemodule;
			};
			name = Release;
		};
		6AB94BE52F06F7130019BBB1 /* Debug */ = {
			isa = XCBuildConfiguration;
			buildSettings = {
				ASSETCATALOG_COMPILER_APPICON_NAME = AppIcon;
				ASSETCATALOG_COMPILER_GLOBAL_ACCENT_COLOR_NAME = AccentColor;
				CODE_SIGN_STYLE = Automatic;
				COMBINE_HIDPI_IMAGES = YES;
				CURRENT_PROJECT_VERSION = 1;
				DEVELOPMENT_TEAM = R8XP9L3BRW;
				ENABLE_APP_SANDBOX = YES;
				ENABLE_HARDENED_RUNTIME = YES;
				ENABLE_PREVIEWS = YES;
				ENABLE_USER_SELECTED_FILES = readonly;
				GENERATE_INFOPLIST_FILE = YES;
				INFOPLIST_KEY_NSHumanReadableCopyright = "";
				LD_RUNPATH_SEARCH_PATHS = (
					"$(inherited)",
					"@executable_path/../Frameworks",
				);
				MARKETING_VERSION = 1.0;
				PRODUCT_BUNDLE_IDENTIFIER = com.timpearson.ElgatoBar;
				PRODUCT_NAME = "$(TARGET_NAME)";
				REGISTER_APP_GROUPS = YES;
				STRING_CATALOG_GENERATE_SYMBOLS = YES;
				SWIFT_APPROACHABLE_CONCURRENCY = YES;
				SWIFT_DEFAULT_ACTOR_ISOLATION = MainActor;
				SWIFT_EMIT_LOC_STRINGS = YES;
				SWIFT_UPCOMING_FEATURE_MEMBER_IMPORT_VISIBILITY = YES;
				SWIFT_VERSION = 5.0;
			};
			name = Debug;
		};
		6AB94BE62F06F7130019BBB1 /* Release */ = {
			isa = XCBuildConfiguration;
			buildSettings = {
				ASSETCATALOG_COMPILER_APPICON_NAME = AppIcon;
				ASSETCATALOG_COMPILER_GLOBAL_ACCENT_COLOR_NAME = AccentColor;
				CODE_SIGN_STYLE = Automatic;
				COMBINE_HIDPI_IMAGES = YES;
				CURRENT_PROJECT_VERSION = 1;
				DEVELOPMENT_TEAM = R8XP9L3BRW;
				ENABLE_APP_SANDBOX = YES;
				ENABLE_HARDENED_RUNTIME = YES;
				ENABLE_PREVIEWS = YES;
				ENABLE_USER_SELECTED_FILES = readonly;
				GENERATE_INFOPLIST_FILE = YES;
				INFOPLIST_KEY_NSHumanReadableCopyright = "";
				LD_RUNPATH_SEARCH_PATHS = (
					"$(inherited)",
					"@executable_path/../Frameworks",
				);
				MARKETING_VERSION = 1.0;
				PRODUCT_BUNDLE_IDENTIFIER = com.timpearson.ElgatoBar;
				PRODUCT_NAME = "$(TARGET_NAME)";
				REGISTER_APP_GROUPS = YES;
				STRING_CATALOG_GENERATE_SYMBOLS = YES;
				SWIFT_APPROACHABLE_CONCURRENCY = YES;
				SWIFT_DEFAULT_ACTOR_ISOLATION = MainActor;
				SWIFT_EMIT_LOC_STRINGS = YES;
				SWIFT_UPCOMING_FEATURE_MEMBER_IMPORT_VISIBILITY = YES;
				SWIFT_VERSION = 5.0;
			};
			name = Release;
		};
		6AB94BE82F06F7130019BBB1 /* Debug */ = {
			isa = XCBuildConfiguration;
			buildSettings = {
				BUNDLE_LOADER = "$(TEST_HOST)";
				CODE_SIGN_STYLE = Automatic;
				CURRENT_PROJECT_VERSION = 1;
				DEVELOPMENT_TEAM = R8XP9L3BRW;
				GENERATE_INFOPLIST_FILE = YES;
				MACOSX_DEPLOYMENT_TARGET = 26.2;
				MARKETING_VERSION = 1.0;
				PRODUCT_BUNDLE_IDENTIFIER = com.timpearson.ElgatoBarTests;
				PRODUCT_NAME = "$(TARGET_NAME)";
				STRING_CATALOG_GENERATE_SYMBOLS = NO;
				SWIFT_APPROACHABLE_CONCURRENCY = YES;
				SWIFT_EMIT_LOC_STRINGS = NO;
				SWIFT_UPCOMING_FEATURE_MEMBER_IMPORT_VISIBILITY = YES;
				SWIFT_VERSION = 5.0;
				TEST_HOST = "$(BUILT_PRODUCTS_DIR)/ElgatoBar.app/$(BUNDLE_EXECUTABLE_FOLDER_PATH)/ElgatoBar";
			};
			name = Debug;
		};
		6AB94BE92F06F7130019BBB1 /* Release */ = {
			isa = XCBuildConfiguration;
			buildSettings = {
				BUNDLE_LOADER = "$(TEST_HOST)";
				CODE_SIGN_STYLE = Automatic;
				CURRENT_PROJECT_VERSION = 1;
				DEVELOPMENT_TEAM = R8XP9L3BRW;
				GENERATE_INFOPLIST_FILE = YES;
				MACOSX_DEPLOYMENT_TARGET = 26.2;
				MARKETING_VERSION = 1.0;
				PRODUCT_BUNDLE_IDENTIFIER = com.timpearson.ElgatoBarTests;
				PRODUCT_NAME = "$(TARGET_NAME)";
				STRING_CATALOG_GENERATE_SYMBOLS = NO;
				SWIFT_APPROACHABLE_CONCURRENCY = YES;
				SWIFT_EMIT_LOC_STRINGS = NO;
				SWIFT_UPCOMING_FEATURE_MEMBER_IMPORT_VISIBILITY = YES;
				SWIFT_VERSION = 5.0;
				TEST_HOST = "$(BUILT_PRODUCTS_DIR)/ElgatoBar.app/$(BUNDLE_EXECUTABLE_FOLDER_PATH)/ElgatoBar";
			};
			name = Release;
		};
		6AB94BEB2F06F7130019BBB1 /* Debug */ = {
			isa = XCBuildConfiguration;
			buildSettings = {
				CODE_SIGN_STYLE = Automatic;
				CURRENT_PROJECT_VERSION = 1;
				DEVELOPMENT_TEAM = R8XP9L3BRW;
				GENERATE_INFOPLIST_FILE = YES;
				MARKETING_VERSION = 1.0;
				PRODUCT_BUNDLE_IDENTIFIER = com.timpearson.ElgatoBarUITests;
				PRODUCT_NAME = "$(TARGET_NAME)";
				STRING_CATALOG_GENERATE_SYMBOLS = NO;
				SWIFT_APPROACHABLE_CONCURRENCY = YES;
				SWIFT_EMIT_LOC_STRINGS = NO;
				SWIFT_UPCOMING_FEATURE_MEMBER_IMPORT_VISIBILITY = YES;
				SWIFT_VERSION = 5.0;
				TEST_TARGET_NAME = ElgatoBar;
			};
			name = Debug;
		};
		6AB94BEC2F06F7130019BBB1 /* Release */ = {
			isa = XCBuildConfiguration;
			buildSettings = {
				CODE_SIGN_STYLE = Automatic;
				CURRENT_PROJECT_VERSION = 1;
				DEVELOPMENT_TEAM = R8XP9L3BRW;
				GENERATE_INFOPLIST_FILE = YES;
				MARKETING_VERSION = 1.0;
				PRODUCT_BUNDLE_IDENTIFIER = com.timpearson.ElgatoBarUITests;
				PRODUCT_NAME = "$(TARGET_NAME)";
				STRING_CATALOG_GENERATE_SYMBOLS = NO;
				SWIFT_APPROACHABLE_CONCURRENCY = YES;
				SWIFT_EMIT_LOC_STRINGS = NO;
				SWIFT_UPCOMING_FEATURE_MEMBER_IMPORT_VISIBILITY = YES;
				SWIFT_VERSION = 5.0;
				TEST_TARGET_NAME = ElgatoBar;
			};
			name = Release;
		};
/* End XCBuildConfiguration section */

/* Begin XCConfigurationList section */
		6AB94BBC2F06F7120019BBB1 /* Build configuration list for PBXProject "ElgatoBar" */ = {
			isa = XCConfigurationList;
			buildConfigurations = (
				6AB94BE22F06F7130019BBB1 /* Debug */,
				6AB94BE32F06F7130019BBB1 /* Release */,
			);
			defaultConfigurationIsVisible = 0;
			defaultConfigurationName = Release;
		};
		6AB94BE42F06F7130019BBB1 /* Build configuration list for PBXNativeTarget "ElgatoBar" */ = {
			isa = XCConfigurationList;
			buildConfigurations = (
				6AB94BE52F06F7130019BBB1 /* Debug */,
				6AB94BE62F06F7130019BBB1 /* Release */,
			);
			defaultConfigurationIsVisible = 0;
			defaultConfigurationName = Release;
		};
		6AB94BE72F06F7130019BBB1 /* Build configuration list for PBXNativeTarget "ElgatoBarTests" */ = {
			isa = XCConfigurationList;
			buildConfigurations = (
				6AB94BE82F06F7130019BBB1 /* Debug */,
				6AB94BE92F06F7130019BBB1 /* Release */,
			);
			defaultConfigurationIsVisible = 0;
			defaultConfigurationName = Release;
		};
		6AB94BEA2F06F7130019BBB1 /* Build configuration list for PBXNativeTarget "ElgatoBarUITests" */ = {
			isa = XCConfigurationList;
			buildConfigurations = (
				6AB94BEB2F06F7130019BBB1 /* Debug */,
				6AB94BEC2F06F7130019BBB1 /* Release */,
			);
			defaultConfigurationIsVisible = 0;
			defaultConfigurationName = Release;
		};
/* End XCConfigurationList section */
	};
	rootObject = 6AB94BB92F06F7120019BBB1 /* Project object */;
}
